
Microsoft Visual Studio Solution File, Format Version 12.00
# Visual Studio Version 17
VisualStudioVersion = 17.11.35327.3
MinimumVisualStudioVersion = 10.0.40219.1
Project("{2150E333-8FDC-42A3-9474-1A3956D46DE8}") = "WebAPI", "WebAPI", "{F2FB0FB7-8B2F-4B6A-891E-84C03BF0CAC2}"
EndProject
Project("{2150E333-8FDC-42A3-9474-1A3956D46DE8}") = "tests", "tests", "{EC9231D2-B34D-4ED8-9016-802FC2E5C1E8}"
EndProject
Project("{2150E333-8FDC-42A3-9474-1A3956D46DE8}") = "Infrastructure", "Infrastructure", "{9C0A2EC8-5364-4D7A-A55B-678390961563}"
EndProject
Project("{2150E333-8FDC-42A3-9474-1A3956D46DE8}") = "Domain", "Domain", "{E3AE328C-6043-4D44-A7AD-04DBA19A9947}"
EndProject
Project("{2150E333-8FDC-42A3-9474-1A3956D46DE8}") = "Application", "Application", "{716B81DD-2BA1-4DB9-8896-612A17BE8C29}"
EndProject
Project("{2150E333-8FDC-42A3-9474-1A3956D46DE8}") = "src", "src", "{9CBF61C5-A76E-4F2D-AA64-D6FE3FAC9DF3}"
EndProject
Project("{9A19103F-16F7-4668-BE54-9A1E7A4F7556}") = "Infrastructure", "Infrastructure\Infrastructure.csproj", "{A88FAB9E-3AA7-4607-BFF6-56C418AF9D3E}"
EndProject
Project("{9A19103F-16F7-4668-BE54-9A1E7A4F7556}") = "Domain", "Domain\Domain.csproj", "{D0AA05DA-4050-4B3A-A7CF-14DC74D075B6}"
EndProject
Project("{9A19103F-16F7-4668-BE54-9A1E7A4F7556}") = "Application", "Application\Application.csproj", "{B2D90098-291D-48A8-8BCC-B696BA2FA2D2}"
EndProject
Project("{9A19103F-16F7-4668-BE54-9A1E7A4F7556}") = "ProductManager", "ProductManager\ProductManager.csproj", "{BCC75B89-0686-43BB-9450-C92C2FDFCC5A}"
EndProject
Project("{2150E333-8FDC-42A3-9474-1A3956D46DE8}") = "Unit Tests", "Unit Tests", "{CD72A2F1-C386-407E-A53A-D3538C4FDF48}"
EndProject
Project("{2150E333-8FDC-42A3-9474-1A3956D46DE8}") = "Integration Tests", "Integration Tests", "{25EF59DD-73FC-41CB-B973-A0608ACA66C5}"
EndProject
Project("{FAE04EC0-301F-11D3-BF4B-00C04F79EFBC}") = "ProductManagement.Application.UnitTests", "ProductManagement.Application.UnitTests\ProductManagement.Application.UnitTests.csproj", "{F6AC0302-7BF9-438F-A47B-36EA37C3E74E}"
EndProject
Global
	GlobalSection(SolutionConfigurationPlatforms) = preSolution
		Debug|Any CPU = Debug|Any CPU
		Release|Any CPU = Release|Any CPU
	EndGlobalSection
	GlobalSection(ProjectConfigurationPlatforms) = postSolution
		{A88FAB9E-3AA7-4607-BFF6-56C418AF9D3E}.Debug|Any CPU.ActiveCfg = Debug|Any CPU
		{A88FAB9E-3AA7-4607-BFF6-56C418AF9D3E}.Debug|Any CPU.Build.0 = Debug|Any CPU
		{A88FAB9E-3AA7-4607-BFF6-56C418AF9D3E}.Release|Any CPU.ActiveCfg = Release|Any CPU
		{A88FAB9E-3AA7-4607-BFF6-56C418AF9D3E}.Release|Any CPU.Build.0 = Release|Any CPU
		{D0AA05DA-4050-4B3A-A7CF-14DC74D075B6}.Debug|Any CPU.ActiveCfg = Debug|Any CPU
		{D0AA05DA-4050-4B3A-A7CF-14DC74D075B6}.Debug|Any CPU.Build.0 = Debug|Any CPU
		{D0AA05DA-4050-4B3A-A7CF-14DC74D075B6}.Release|Any CPU.ActiveCfg = Release|Any CPU
		{D0AA05DA-4050-4B3A-A7CF-14DC74D075B6}.Release|Any CPU.Build.0 = Release|Any CPU
		{B2D90098-291D-48A8-8BCC-B696BA2FA2D2}.Debug|Any CPU.ActiveCfg = Debug|Any CPU
		{B2D90098-291D-48A8-8BCC-B696BA2FA2D2}.Debug|Any CPU.Build.0 = Debug|Any CPU
		{B2D90098-291D-48A8-8BCC-B696BA2FA2D2}.Release|Any CPU.ActiveCfg = Release|Any CPU
		{B2D90098-291D-48A8-8BCC-B696BA2FA2D2}.Release|Any CPU.Build.0 = Release|Any CPU
		{BCC75B89-0686-43BB-9450-C92C2FDFCC5A}.Debug|Any CPU.ActiveCfg = Debug|Any CPU
		{BCC75B89-0686-43BB-9450-C92C2FDFCC5A}.Debug|Any CPU.Build.0 = Debug|Any CPU
		{BCC75B89-0686-43BB-9450-C92C2FDFCC5A}.Release|Any CPU.ActiveCfg = Release|Any CPU
		{BCC75B89-0686-43BB-9450-C92C2FDFCC5A}.Release|Any CPU.Build.0 = Release|Any CPU
		{F6AC0302-7BF9-438F-A47B-36EA37C3E74E}.Debug|Any CPU.ActiveCfg = Debug|Any CPU
		{F6AC0302-7BF9-438F-A47B-36EA37C3E74E}.Debug|Any CPU.Build.0 = Debug|Any CPU
		{F6AC0302-7BF9-438F-A47B-36EA37C3E74E}.Release|Any CPU.ActiveCfg = Release|Any CPU
		{F6AC0302-7BF9-438F-A47B-36EA37C3E74E}.Release|Any CPU.Build.0 = Release|Any CPU
	EndGlobalSection
	GlobalSection(SolutionProperties) = preSolution
		HideSolutionNode = FALSE
	EndGlobalSection
	GlobalSection(NestedProjects) = preSolution
		{F2FB0FB7-8B2F-4B6A-891E-84C03BF0CAC2} = {9CBF61C5-A76E-4F2D-AA64-D6FE3FAC9DF3}
		{9C0A2EC8-5364-4D7A-A55B-678390961563} = {9CBF61C5-A76E-4F2D-AA64-D6FE3FAC9DF3}
		{E3AE328C-6043-4D44-A7AD-04DBA19A9947} = {9CBF61C5-A76E-4F2D-AA64-D6FE3FAC9DF3}
		{716B81DD-2BA1-4DB9-8896-612A17BE8C29} = {9CBF61C5-A76E-4F2D-AA64-D6FE3FAC9DF3}
		{A88FAB9E-3AA7-4607-BFF6-56C418AF9D3E} = {9C0A2EC8-5364-4D7A-A55B-678390961563}
		{D0AA05DA-4050-4B3A-A7CF-14DC74D075B6} = {E3AE328C-6043-4D44-A7AD-04DBA19A9947}
		{B2D90098-291D-48A8-8BCC-B696BA2FA2D2} = {716B81DD-2BA1-4DB9-8896-612A17BE8C29}
		{BCC75B89-0686-43BB-9450-C92C2FDFCC5A} = {F2FB0FB7-8B2F-4B6A-891E-84C03BF0CAC2}
		{CD72A2F1-C386-407E-A53A-D3538C4FDF48} = {EC9231D2-B34D-4ED8-9016-802FC2E5C1E8}
		{25EF59DD-73FC-41CB-B973-A0608ACA66C5} = {EC9231D2-B34D-4ED8-9016-802FC2E5C1E8}
		{F6AC0302-7BF9-438F-A47B-36EA37C3E74E} = {CD72A2F1-C386-407E-A53A-D3538C4FDF48}
	EndGlobalSection
	GlobalSection(ExtensibilityGlobals) = postSolution
		SolutionGuid = {A8BA901A-C909-46E1-A47F-F859D487829D}
	EndGlobalSection
EndGlobal
